PATH
  remote: ../packages/ruflet_server
  specs:
    ruflet_server (0.0.4)
      ruflet (= 0.0.4)

PATH
  remote: ../packages/ruflet
  specs:
    ruflet (0.0.4)

GEM
  remote: https://rubygems.org/
  specs:

PLATFORMS
  arm64-darwin-24
  ruby

DEPENDENCIES
  ruflet!
  ruflet_server!

CHECKSUMS
  ruflet (0.0.4)
  ruflet_server (0.0.4)

BUNDLED WITH
  4.0.6
